
Microsoft Visual Studio Solution File, Format Version 12.00
# Visual Studio 15
VisualStudioVersion = 15.0.28307.1525
MinimumVisualStudioVersion = 10.0.40219.1
Project("{FAE04EC0-301F-11D3-BF4B-00C04F79EFBC}") = "BRONUF_Main", "BRONUF_Main.csproj", "{F44AF185-22C3-4D53-A3B7-8F6207BE701F}"
EndProject
Global
	GlobalSection(SolutionConfigurationPlatforms) = preSolution
		Debug|Any CPU = Debug|Any CPU
		Release|Any CPU = Release|Any CPU
	EndGlobalSection
	GlobalSection(ProjectConfigurationPlatforms) = postSolution
		{F44AF185-22C3-4D53-A3B7-8F6207BE701F}.Debug|Any CPU.ActiveCfg = Debug|Any CPU
		{F44AF185-22C3-4D53-A3B7-8F6207BE701F}.Debug|Any CPU.Build.0 = Debug|Any CPU
		{F44AF185-22C3-4D53-A3B7-8F6207BE701F}.Release|Any CPU.ActiveCfg = Release|Any CPU
		{F44AF185-22C3-4D53-A3B7-8F6207BE701F}.Release|Any CPU.Build.0 = Release|Any CPU
	EndGlobalSection
	GlobalSection(SolutionProperties) = preSolution
		HideSolutionNode = FALSE
	EndGlobalSection
	GlobalSection(ExtensibilityGlobals) = postSolution
		SolutionGuid = {AA5AB36E-6396-42E4-830F-CDF1D4C1A9DD}
	EndGlobalSection
EndGlobal
